
Microsoft Visual Studio Solution File, Format Version 12.00
# Visual Studio Version 17
VisualStudioVersion = 17.3.32721.290
MinimumVisualStudioVersion = 10.0.40219.1
Project("{FAE04EC0-301F-11D3-BF4B-00C04F79EFBC}") = "Adapter", "Adapter\Adapter.csproj", "{2CC85D13-DCEF-45CA-A528-D0D9AD7CB1CD}"
EndProject
Global
	GlobalSection(SolutionConfigurationPlatforms) = preSolution
		Debug|Any CPU = Debug|Any CPU
		Release|Any CPU = Release|Any CPU
	EndGlobalSection
	GlobalSection(ProjectConfigurationPlatforms) = postSolution
		{2CC85D13-DCEF-45CA-A528-D0D9AD7CB1CD}.Debug|Any CPU.ActiveCfg = Debug|Any CPU
		{2CC85D13-DCEF-45CA-A528-D0D9AD7CB1CD}.Debug|Any CPU.Build.0 = Debug|Any CPU
		{2CC85D13-DCEF-45CA-A528-D0D9AD7CB1CD}.Release|Any CPU.ActiveCfg = Release|Any CPU
		{2CC85D13-DCEF-45CA-A528-D0D9AD7CB1CD}.Release|Any CPU.Build.0 = Release|Any CPU
	EndGlobalSection
	GlobalSection(SolutionProperties) = preSolution
		HideSolutionNode = FALSE
	EndGlobalSection
	GlobalSection(ExtensibilityGlobals) = postSolution
		SolutionGuid = {9FA64F57-5D6F-4B72-947E-8DEC5A579EBF}
	EndGlobalSection
EndGlobal
